
Microsoft Visual Studio Solution File, Format Version 12.00
# Visual Studio Version 17
VisualStudioVersion = 17.4.33213.308
MinimumVisualStudioVersion = 10.0.40219.1
Project("{FAE04EC0-301F-11D3-BF4B-00C04F79EFBC}") = "YoutubeDownloader.Wpf", "YoutubeDownloader.Wpf\YoutubeDownloader.Wpf.csproj", "{F3FFC9EA-8C52-46EC-AD28-138050F15A7C}"
EndProject
Project("{FAE04EC0-301F-11D3-BF4B-00C04F79EFBC}") = "YoutubeDownloaderWpfTests", "YoutubeDownloaderWpfTests\YoutubeDownloaderWpfTests.csproj", "{797D80D5-0AC7-40E9-98E9-6DF6E85FF70A}"
EndProject
Project("{FAE04EC0-301F-11D3-BF4B-00C04F79EFBC}") = "YoutubeDownloader.Core", "YoutubeDownloader.Core\YoutubeDownloader.Core.csproj", "{A229B78D-D037-43B0-8A68-67E0B77FD47F}"
EndProject
Project("{FAE04EC0-301F-11D3-BF4B-00C04F79EFBC}") = "Maui", "Maui\Maui.csproj", "{F325B119-CA6A-495D-B53C-C32D7B57D8DD}"
EndProject
Global
	GlobalSection(SolutionConfigurationPlatforms) = preSolution
		Debug|Any CPU = Debug|Any CPU
		Release|Any CPU = Release|Any CPU
	EndGlobalSection
	GlobalSection(ProjectConfigurationPlatforms) = postSolution
		{F3FFC9EA-8C52-46EC-AD28-138050F15A7C}.Debug|Any CPU.ActiveCfg = Debug|Any CPU
		{F3FFC9EA-8C52-46EC-AD28-138050F15A7C}.Debug|Any CPU.Build.0 = Debug|Any CPU
		{F3FFC9EA-8C52-46EC-AD28-138050F15A7C}.Release|Any CPU.ActiveCfg = Release|Any CPU
		{F3FFC9EA-8C52-46EC-AD28-138050F15A7C}.Release|Any CPU.Build.0 = Release|Any CPU
		{797D80D5-0AC7-40E9-98E9-6DF6E85FF70A}.Debug|Any CPU.ActiveCfg = Debug|Any CPU
		{797D80D5-0AC7-40E9-98E9-6DF6E85FF70A}.Debug|Any CPU.Build.0 = Debug|Any CPU
		{797D80D5-0AC7-40E9-98E9-6DF6E85FF70A}.Release|Any CPU.ActiveCfg = Release|Any CPU
		{797D80D5-0AC7-40E9-98E9-6DF6E85FF70A}.Release|Any CPU.Build.0 = Release|Any CPU
		{A229B78D-D037-43B0-8A68-67E0B77FD47F}.Debug|Any CPU.ActiveCfg = Debug|Any CPU
		{A229B78D-D037-43B0-8A68-67E0B77FD47F}.Debug|Any CPU.Build.0 = Debug|Any CPU
		{A229B78D-D037-43B0-8A68-67E0B77FD47F}.Release|Any CPU.ActiveCfg = Release|Any CPU
		{A229B78D-D037-43B0-8A68-67E0B77FD47F}.Release|Any CPU.Build.0 = Release|Any CPU
		{F325B119-CA6A-495D-B53C-C32D7B57D8DD}.Debug|Any CPU.ActiveCfg = Debug|Any CPU
		{F325B119-CA6A-495D-B53C-C32D7B57D8DD}.Debug|Any CPU.Build.0 = Debug|Any CPU
		{F325B119-CA6A-495D-B53C-C32D7B57D8DD}.Release|Any CPU.ActiveCfg = Release|Any CPU
		{F325B119-CA6A-495D-B53C-C32D7B57D8DD}.Release|Any CPU.Build.0 = Release|Any CPU
	EndGlobalSection
	GlobalSection(SolutionProperties) = preSolution
		HideSolutionNode = FALSE
	EndGlobalSection
	GlobalSection(ExtensibilityGlobals) = postSolution
		SolutionGuid = {41155EDC-121B-490D-A4EE-8EAD00CD3051}
	EndGlobalSection
EndGlobal
