{
  "version": 1,
  "dependencies": {
    "net10.0-windows10.0.19041": {
      "CommunityToolkit.Maui": {
        "type": "Direct",
        "requested": "[14.0.0, )",
        "resolved": "14.0.0",
        "contentHash": "UXT5+rMsWUDHoNeYprELigXK1B+jcWDYpglZBNwu6WyE99NyPh+435jzirYtK+wmxjYVFqKFXpAcIDOPJymMTQ==",
        "dependencies": {
          "CommunityToolkit.Maui.Core": "14.0.0",
          "Microsoft.Maui.Controls": "10.0.30"
        }
      },
      "CommunityToolkit.Maui.MediaElement": {
        "type": "Direct",
        "requested": "[7.0.0, )",
        "resolved": "7.0.0",
        "contentHash": "UOgUtki+XwKRzWstQbITTL4kxgUIt/xsIlggAlAjbBovhsKZg4bZQ4MilgSpEpQ/GRFOmmG9I7Mdii1xlLzDOw==",
        "dependencies": {
          "Microsoft.Maui.Controls": "10.0.10"
        }
      },
      "Microsoft.Extensions.Http": {
        "type": "Direct",
        "requested": "[10.0.2, )",
        "resolved": "10.0.2",
        "contentHash": "egUPC0xydb1ugCMcRyJ6zaOGOzx7N4coOVlGeLcIsXhUf1xHHwZeX+ob7JuG0dXExFduHYE/t+4/4y8BLlBKmw==",
        "dependencies": {
          "Microsoft.Extensions.Configuration.Abstractions": "10.0.2",
          "Microsoft.Extensions.DependencyInjection.Abstractions": "10.0.2",
          "Microsoft.Extensions.Diagnostics": "10.0.2",
          "Microsoft.Extensions.Logging": "10.0.2",
          "Microsoft.Extensions.Logging.Abstractions": "10.0.2",
          "Microsoft.Extensions.Options": "10.0.2"
        }
      },
      "Microsoft.Extensions.Logging.Debug": {
        "type": "Direct",
        "requested": "[10.0.2, )",
        "resolved": "10.0.2",
        "contentHash": "LohXg8Uc+cGLzPhUTgwOR9Z/lqMFpDT+NylPFwT6yXZfJAm/QE+Gv14HNir9tfposwGl5IuR+3yfLOuc6PNHVg==",
        "dependencies": {
          "Microsoft.Extensions.DependencyInjection.Abstractions": "10.0.2",
          "Microsoft.Extensions.Logging": "10.0.2",
          "Microsoft.Extensions.Logging.Abstractions": "10.0.2"
        }
      },
      "Microsoft.Maui.Controls": {
        "type": "Direct",
        "requested": "[10.0.31, )",
        "resolved": "10.0.31",
        "contentHash": "D83sk9y54jE34UEsQ4u4Sw3dsLWbJblMW7ojX9MN481jFl8NLh/IxKJxbbRfidC06ogwNkniZKmPIX69gDgUdg==",
        "dependencies": {
          "Microsoft.Maui.Controls.Build.Tasks": "10.0.31",
          "Microsoft.Maui.Controls.Core": "10.0.31",
          "Microsoft.Maui.Controls.Xaml": "10.0.31",
          "Microsoft.Maui.Resizetizer": "10.0.31"
        }
      },
      "AngleSharp": {
        "type": "Transitive",
        "resolved": "1.4.0",
        "contentHash": "6ph8mpaQx0KL0COYRt0kI8MB9gSp1PtKijKMhJU//+aVFgKAJLKDesG/+26JSaVCOrHNgPf12wpfoyRcMYOeXg=="
      },
      "CommunityToolkit.Maui.Core": {
        "type": "Transitive",
        "resolved": "14.0.0",
        "contentHash": "xpxdylxrWJdxnuKOrTYLPhaAvjg9T9xH89ATbg6zY17pmP4xrvxQ4wMMrYu/N8Ue/BN+lR6AHoYDpefBTPjjGw==",
        "dependencies": {
          "Microsoft.Maui.Core": "10.0.30",
          "Microsoft.Maui.Essentials": "10.0.30",
          "Microsoft.WindowsAppSDK": "2.0.0-experimental3",
          "System.Speech": "10.0.1"
        }
      },
      "Microsoft.Extensions.Configuration": {
        "type": "Transitive",
        "resolved": "10.0.2",
        "contentHash": "Lws+o4DFw6p5NquRoYA3d5QVvi49ugNw7TxbW4QGLsL8F1LCCyJqWFy0+RMQ/hzUuS9aKV5NJ/XGAF5N9/RQcQ==",
        "dependencies": {
          "Microsoft.Extensions.Configuration.Abstractions": "10.0.2",
          "Microsoft.Extensions.Primitives": "10.0.2"
        }
      },
      "Microsoft.Extensions.Configuration.Abstractions": {
        "type": "Transitive",
        "resolved": "10.0.2",
        "contentHash": "KC5PslaTDnTuTvyke0KYAVBYdZ7IVTsU3JhHe69BpEbHLcj1YThP3bIGtZNOkZfast2AuLnul5lk4rZKxAdUGQ==",
        "dependencies": {
          "Microsoft.Extensions.Primitives": "10.0.2"
        }
      },
      "Microsoft.Extensions.Configuration.Binder": {
        "type": "Transitive",
        "resolved": "10.0.2",
        "contentHash": "/SdW50prUuenglSy7MXU3eVQkOk4/J4fjc+GIhv4NkTmaZOQyTqpVAYi8nRjNtOKHzCy7g5cSlOSgkbT7clLwQ==",
        "dependencies": {
          "Microsoft.Extensions.Configuration": "10.0.2",
          "Microsoft.Extensions.Configuration.Abstractions": "10.0.2"
        }
      },
      "Microsoft.Extensions.DependencyInjection": {
        "type": "Transitive",
        "resolved": "10.0.3",
        "contentHash": "2DLOmC0EkB2smVK8lPP1PIKEgL1arE3CMp9XSIQB/Y7ev5nnnyuM/PizKJ6QfLD08QCYoopSC9SFdbYglDomYg==",
        "dependencies": {
          "Microsoft.Extensions.DependencyInjection.Abstractions": "10.0.3"
        }
      },
      "Microsoft.Extensions.DependencyInjection.Abstractions": {
        "type": "Transitive",
        "resolved": "10.0.3",
        "contentHash": "bwGMrRcAMWx2s/RDgja97p27rxSz2pEQW0+rX5cWAUWVETVJ/eyxGfjAl8vuG5a+lckWmPIE+vcuaZNVB5YDdw=="
      },
      "Microsoft.Extensions.Diagnostics": {
        "type": "Transitive",
        "resolved": "10.0.2",
        "contentHash": "+2lv/hi6VGnaJt4877BFkkySiMiHrKCeX7K5ElIshIKpF65o63zeXMnUR4U6EQ/eM75Hx7T8s3RcqnjdcnVB1A==",
        "dependencies": {
          "Microsoft.Extensions.Configuration": "10.0.2",
          "Microsoft.Extensions.Diagnostics.Abstractions": "10.0.2",
          "Microsoft.Extensions.Options.ConfigurationExtensions": "10.0.2"
        }
      },
      "Microsoft.Extensions.Diagnostics.Abstractions": {
        "type": "Transitive",
        "resolved": "10.0.2",
        "contentHash": "GaiaeKUuLuUbRPkUokndDuzonhO6dk4lcfGflHsCeXiJ5JrZxcyks1KuG6eB9pON16x/+9uWfa4w9g3oP8AYvQ==",
        "dependencies": {
          "Microsoft.Extensions.DependencyInjection.Abstractions": "10.0.2",
          "Microsoft.Extensions.Options": "10.0.2"
        }
      },
      "Microsoft.Extensions.FileProviders.Abstractions": {
        "type": "Transitive",
        "resolved": "10.0.0",
        "contentHash": "/ppSdehKk3fuXjlqCDgSOtjRK/pSHU8eWgzSHfHdwVm5BP4Dgejehkw+PtxKG2j98qTDEHDst2Y99aNsmJldmw==",
        "dependencies": {
          "Microsoft.Extensions.Primitives": "10.0.0"
        }
      },
      "Microsoft.Extensions.Hosting.Abstractions": {
        "type": "Transitive",
        "resolved": "10.0.0",
        "contentHash": "KrN6TGFwCwqOkLLk/idW/XtDQh+8In+CL9T4M1Dx+5ScsjTq4TlVbal8q532m82UYrMr6RiQJF2HvYCN0QwVsA==",
        "dependencies": {
          "Microsoft.Extensions.Configuration.Abstractions": "10.0.0",
          "Microsoft.Extensions.DependencyInjection.Abstractions": "10.0.0",
          "Microsoft.Extensions.Diagnostics.Abstractions": "10.0.0",
          "Microsoft.Extensions.FileProviders.Abstractions": "10.0.0",
          "Microsoft.Extensions.Logging.Abstractions": "10.0.0"
        }
      },
      "Microsoft.Extensions.Logging": {
        "type": "Transitive",
        "resolved": "10.0.3",
        "contentHash": "8D9Er1cGXNjNDIB+VLBNHn386L5ls2FoiG9a6o12gyn+GG3w6jdfUhzT8dtBnKcevE7/fsVA8MS3FBgFfClFtQ==",
        "dependencies": {
          "Microsoft.Extensions.DependencyInjection": "10.0.3",
          "Microsoft.Extensions.Logging.Abstractions": "10.0.3",
          "Microsoft.Extensions.Options": "10.0.3"
        }
      },
      "Microsoft.Extensions.Logging.Abstractions": {
        "type": "Transitive",
        "resolved": "10.0.3",
        "contentHash": "lxl0WLk7ROgBFAsjcOYjQ8/DVK+VMszxGBzUhgtQmAsTNldLL5pk9NG/cWTsXHq0lUhUEAtZkEE7jOGOA8bGKQ==",
        "dependencies": {
          "Microsoft.Extensions.DependencyInjection.Abstractions": "10.0.3"
        }
      },
      "Microsoft.Extensions.Options": {
        "type": "Transitive",
        "resolved": "10.0.3",
        "contentHash": "hU6WzGTPvPoLA2ng1ILvWQb3g0qORdlHNsxI8IcPLumJb3suimYUl+bbDzdo1V4KFsvVhnMWzysHpKbZaoDQPQ==",
        "dependencies": {
          "Microsoft.Extensions.DependencyInjection.Abstractions": "10.0.3",
          "Microsoft.Extensions.Primitives": "10.0.3"
        }
      },
      "Microsoft.Extensions.Options.ConfigurationExtensions": {
        "type": "Transitive",
        "resolved": "10.0.2",
        "contentHash": "8njGDg0OdDBM4Zox0ybuUOJZkQ8HcH49F+POZBlG+nsfzEyqOCHyHEkWeRVI62qsssiugUVEKqUttT1ZbV0aJQ==",
        "dependencies": {
          "Microsoft.Extensions.Configuration.Abstractions": "10.0.2",
          "Microsoft.Extensions.Configuration.Binder": "10.0.2",
          "Microsoft.Extensions.DependencyInjection.Abstractions": "10.0.2",
          "Microsoft.Extensions.Options": "10.0.2",
          "Microsoft.Extensions.Primitives": "10.0.2"
        }
      },
      "Microsoft.Extensions.Primitives": {
        "type": "Transitive",
        "resolved": "10.0.3",
        "contentHash": "GEcpTwo7sUoLGGNTqV1FZEuL+tTD9m81NX/mh099dqGNna07/UGZShKQNZRw4hv6nlliSUwYQgSYc7OR99Jufg=="
      },
      "Microsoft.Graphics.Win2D": {
        "type": "Transitive",
        "resolved": "1.3.2",
        "contentHash": "xAv4+Xj8wePW1innIUSXebX6UHMGDzOxwKPwYNUNY7mBrsRL/hPFEtuPLpBSxc3iBnuaCogPDCDeN7T4b1xV0Q==",
        "dependencies": {
          "Microsoft.WindowsAppSDK": "1.6.241114003"
        }
      },
      "Microsoft.IO.RecyclableMemoryStream": {
        "type": "Transitive",
        "resolved": "3.0.1",
        "contentHash": "s/s20YTVY9r9TPfTrN5g8zPF1YhwxyqO6PxUkrYTGI2B+OGPe9AdajWZrLhFqXIvqIW23fnUE4+ztrUWNU1+9g=="
      },
      "Microsoft.Maui.Controls.Build.Tasks": {
        "type": "Transitive",
        "resolved": "10.0.31",
        "contentHash": "d/AG/ZDggdzysZ4D/kZ2MRXfiOM3GEd9BubbKgEPElm6PyHhZR0vDsgV2m4TD6T7Mke3J6rUFjwsLY3Bp3b/6Q==",
        "dependencies": {
          "Microsoft.Maui.Controls.Core": "10.0.31",
          "Microsoft.Maui.Controls.Xaml": "10.0.31"
        }
      },
      "Microsoft.Maui.Controls.Core": {
        "type": "Transitive",
        "resolved": "10.0.31",
        "contentHash": "DI+Oh0V5r6Php82B/GsTSmTsHbrmQeXylKGyHwryfgQj9jJPldxj8AXwbNgWQ2c9I3XtsqaPX/huJvOUJQj2kQ==",
        "dependencies": {
          "Microsoft.Extensions.Configuration": "10.0.0",
          "Microsoft.Extensions.DependencyInjection": "10.0.0",
          "Microsoft.Extensions.Logging": "10.0.0",
          "Microsoft.Extensions.Logging.Abstractions": "10.0.0",
          "Microsoft.Maui.Core": "10.0.31"
        }
      },
      "Microsoft.Maui.Controls.Xaml": {
        "type": "Transitive",
        "resolved": "10.0.31",
        "contentHash": "oKDB03gKDtPZVFv4HHJuisFHK2hU3MSUkThtRMPkzwWGtFG2/TS4YchQoykP/IVHfvms6juBOoJ1lWrWphe2Yg==",
        "dependencies": {
          "Microsoft.Extensions.Configuration": "10.0.0",
          "Microsoft.Maui.Controls.Core": "10.0.31",
          "Microsoft.Maui.Core": "10.0.31"
        }
      },
      "Microsoft.Maui.Core": {
        "type": "Transitive",
        "resolved": "10.0.31",
        "contentHash": "EIMlu6VWPQOk6jRoYl1HL92x8to8LrnhfFRBk1nkQiVGvXIKkMSX5N04Il1zbKuRwnPU+q9ywKsWlxKI7VYjGQ==",
        "dependencies": {
          "Microsoft.Extensions.Configuration": "10.0.0",
          "Microsoft.Extensions.DependencyInjection": "10.0.0",
          "Microsoft.Extensions.Hosting.Abstractions": "10.0.0",
          "Microsoft.Extensions.Logging": "10.0.0",
          "Microsoft.Extensions.Logging.Abstractions": "10.0.0",
          "Microsoft.Graphics.Win2D": "1.3.2",
          "Microsoft.Maui.Essentials": "10.0.31",
          "Microsoft.Maui.Graphics": "10.0.31",
          "Microsoft.Maui.Graphics.Win2D.WinUI.Desktop": "10.0.31",
          "Microsoft.Web.WebView2": "1.0.3179.45",
          "Microsoft.Windows.SDK.BuildTools": "10.0.22621.756",
          "Microsoft.WindowsAppSDK": "1.7.250909003"
        }
      },
      "Microsoft.Maui.Essentials": {
        "type": "Transitive",
        "resolved": "10.0.31",
        "contentHash": "qvjE5pNqpu+Z30YHMjQLWWKRbbkrYN0DBD6S+41Q6aaaoOQNIG/9vqTShQMwL0xG3zeQmbydEmQ206uzFN7m/Q==",
        "dependencies": {
          "Microsoft.Maui.Graphics": "10.0.31",
          "Microsoft.Web.WebView2": "1.0.3179.45"
        }
      },
      "Microsoft.Maui.Graphics": {
        "type": "Transitive",
        "resolved": "10.0.31",
        "contentHash": "xDFwLA10W5pNgBGE82/va2q827wsa+Bb3AVSjtjQysIi0hXhpn4aWuWl9WnrxRmM+bTqnoce5g9OLP31YuNQhA==",
        "dependencies": {
          "Microsoft.Graphics.Win2D": "1.3.2",
          "Microsoft.IO.RecyclableMemoryStream": "3.0.1",
          "Microsoft.WindowsAppSDK": "1.7.250909003"
        }
      },
      "Microsoft.Maui.Graphics.Win2D.WinUI.Desktop": {
        "type": "Transitive",
        "resolved": "10.0.31",
        "contentHash": "3B8xjPhk2CyNAwkuzy0+RQd/1gniwtI6niS8tt2SzQEOHShwiUcJnCZ7MEJwDIZhtTlKFFxcUQWwY6l07pJUIA==",
        "dependencies": {
          "Microsoft.Graphics.Win2D": "1.3.2",
          "Microsoft.Maui.Graphics": "10.0.31"
        }
      },
      "Microsoft.Maui.Resizetizer": {
        "type": "Transitive",
        "resolved": "10.0.31",
        "contentHash": "tYgvabLjfgFcrisXmH3KzCxvN0Z4/MgopqObJCtjgMQAKPq+3FhyoFt/TH0c4vsDe0zw0C81FRs3jiFYXXHP0g=="
      },
      "Microsoft.Web.WebView2": {
        "type": "Transitive",
        "resolved": "1.0.3405.78",
        "contentHash": "ceiIKuPHnzOf5CUv9nGpIBx0CWCCMWcBdv05QuonmUnpPtm6XDyAh6osgvin7MTpVD5O0+NbS5ts/WU9sgXgvA=="
      },
      "Microsoft.Windows.SDK.BuildTools": {
        "type": "Transitive",
        "resolved": "10.0.26100.4654",
        "contentHash": "2mgcOlj/t2RfSyyw+pVESfO+Tk1RkfQzto9Vrq42M1lUQIfQEwbi8QLha9GXWIOj+TFzeHIEJckIoF25mgiM8A=="
      },
      "Microsoft.Windows.SDK.BuildTools.MSIX": {
        "type": "Transitive",
        "resolved": "1.7.20250829.1",
        "contentHash": "IMdvRmCIZnBS5GkYnv0po1bcx6U1OF39pqA4TphQ9evDzpCRoSE19/PkDvlUNNrBavTsLIEJgd/TAIFner75ow=="
      },
      "Microsoft.WindowsAppSDK": {
        "type": "Transitive",
        "resolved": "2.0.0-experimental3",
        "contentHash": "eP4XWWccngqnwyJVTYbdlVDyUyFW7EintimqOyq3ttk/h4dCwvW0FNTjq6qvnzkmWKiSqoXau/d5Dy27wSAKpg==",
        "dependencies": {
          "Microsoft.WindowsAppSDK.AI": "[2.0.57-experimental]",
          "Microsoft.WindowsAppSDK.Base": "[2.0.0-experimental]",
          "Microsoft.WindowsAppSDK.DWrite": "[2.0.0-experimental]",
          "Microsoft.WindowsAppSDK.Foundation": "[2.0.8-experimental]",
          "Microsoft.WindowsAppSDK.InteractiveExperiences": "[2.0.3-experimental]",
          "Microsoft.WindowsAppSDK.ML": "[2.0.44-experimental]",
          "Microsoft.WindowsAppSDK.Runtime": "[2.0.0-experimental3]",
          "Microsoft.WindowsAppSDK.Widgets": "[2.0.2-experimental]",
          "Microsoft.WindowsAppSDK.WinUI": "[2.0.3-experimental]"
        }
      },
      "Microsoft.WindowsAppSDK.AI": {
        "type": "Transitive",
        "resolved": "2.0.57-experimental",
        "contentHash": "iCDkCyYFnryJjSRAVU3dmOyZaT3wO8COv+gCMImbDiRK6Kx047pYkJalrs/mOK2GbS8GVzgGAh4pOGaavzQmpw==",
        "dependencies": {
          "Microsoft.WindowsAppSDK.Base": "2.0.0-experimental",
          "Microsoft.WindowsAppSDK.Foundation": "2.0.3-experimental"
        }
      },
      "Microsoft.WindowsAppSDK.Base": {
        "type": "Transitive",
        "resolved": "2.0.0-experimental",
        "contentHash": "xQY42zJd61lTemFhaEl0GQ+YNHIPeeLnF5sM4lhKfOE0fX3aYCPPH5begOcJBhxsorCk90MGLvCq8dy058sBHg==",
        "dependencies": {
          "Microsoft.Windows.SDK.BuildTools": "10.0.26100.4654",
          "Microsoft.Windows.SDK.BuildTools.MSIX": "1.7.20250829.1"
        }
      },
      "Microsoft.WindowsAppSDK.DWrite": {
        "type": "Transitive",
        "resolved": "2.0.0-experimental",
        "contentHash": "B21j5wUaHab3LbyaOiGXCRlxW+D2Z7hnUZvALenLseEWDPUYyLvClZgXIYJd3s60J3B+CVQOAop9VQiOzRRquw==",
        "dependencies": {
          "Microsoft.WindowsAppSDK.Base": "2.0.0-experimental"
        }
      },
      "Microsoft.WindowsAppSDK.Foundation": {
        "type": "Transitive",
        "resolved": "2.0.8-experimental",
        "contentHash": "8z2LKsnccAJ2RaXmLNZb7JLrSsX6Ud2nlL3Rz6YO4i1iFu9zYEuIdxz6cxsc/+ZSC8bGSQR8O/4k8NIY+qeXYA==",
        "dependencies": {
          "Microsoft.WindowsAppSDK.Base": "2.0.0-experimental",
          "Microsoft.WindowsAppSDK.InteractiveExperiences": "2.0.3-experimental"
        }
      },
      "Microsoft.WindowsAppSDK.InteractiveExperiences": {
        "type": "Transitive",
        "resolved": "2.0.3-experimental",
        "contentHash": "Ck3QUVmo/KIKYK9Fo5YzL8eoUbjkRoBkGJdTQbcXVI61CFoxkwypnNckoyWyM6PfzS8KoxasHJbI8YSt+DNgfw==",
        "dependencies": {
          "Microsoft.WindowsAppSDK.Base": "2.0.0-experimental"
        }
      },
      "Microsoft.WindowsAppSDK.ML": {
        "type": "Transitive",
        "resolved": "2.0.44-experimental",
        "contentHash": "cnPfVfMfOhbVobG417zJVbWLA0P5QZHqrMBEDndQNOcgpUEtKJNY2mC+n3+SLr14P1mKPpzPP9vm/O9APsq4bw==",
        "dependencies": {
          "Microsoft.WindowsAppSDK.Base": "2.0.0-experimental",
          "Microsoft.WindowsAppSDK.Foundation": "2.0.8-experimental",
          "System.Numerics.Tensors": "9.0.0"
        }
      },
      "Microsoft.WindowsAppSDK.Runtime": {
        "type": "Transitive",
        "resolved": "2.0.0-experimental3",
        "contentHash": "ikNSjK07rUFBWdYwkM/2sSQzxieYgRwVDSM7PJxMxIkSGSeAeba8jmDST05oJfDWtXOpNqfn4CTeaZ/6y8yfNw==",
        "dependencies": {
          "Microsoft.WindowsAppSDK.Base": "2.0.0-experimental"
        }
      },
      "Microsoft.WindowsAppSDK.Widgets": {
        "type": "Transitive",
        "resolved": "2.0.2-experimental",
        "contentHash": "+Trk3vVSlWxBWomjpUjwy5aOowkLHr2m7o7pVn58a03O2e46joBM3WdIGon/ns+BMKPow7knCS6ne6OBWGlVZg==",
        "dependencies": {
          "Microsoft.WindowsAppSDK.Base": "2.0.0-experimental"
        }
      },
      "Microsoft.WindowsAppSDK.WinUI": {
        "type": "Transitive",
        "resolved": "2.0.3-experimental",
        "contentHash": "OuvJXiPEOqBRlai79qi8f35JK/MfvsaIBGoIMNOA5pZznigPezR1XHjwrF1lWMDR3WwJV9Q/rnKWcWfXYw24/Q==",
        "dependencies": {
          "Microsoft.Web.WebView2": "1.0.3405.78",
          "Microsoft.WindowsAppSDK.Base": "2.0.0-experimental",
          "Microsoft.WindowsAppSDK.Foundation": "2.0.8-experimental",
          "Microsoft.WindowsAppSDK.InteractiveExperiences": "2.0.3-experimental"
        }
      },
      "SharpCompress": {
        "type": "Transitive",
        "resolved": "0.46.0",
        "contentHash": "CH7Dvn+Dr3dQRbBcEywxu2nm0Pipc0q7R63NVqqgF72FQF72pVp80PhENYUHHwejl+5pl6537ByRmAnrnZebYg=="
      },
      "System.Numerics.Tensors": {
        "type": "Transitive",
        "resolved": "9.0.0",
        "contentHash": "hyJB4UlpAi19Xr9AXzu2NuagKC4lPfHObNMEAA0HmqFz2rX7wKgzeYzO/jM/eBHDhnUGFFEjk5cOoJaxqg5J4A=="
      },
      "System.Speech": {
        "type": "Transitive",
        "resolved": "10.0.1",
        "contentHash": "Sra5Gv7qcZzLuQW4alVglQpnDgJiqeGmbwz8WLZa1QdqmTo4bi7FYQP5CJAzlwLDcmHrBS2L7+W6HqFT14HBTA=="
      },
      "YoutubeExplode": {
        "type": "Transitive",
        "resolved": "6.5.7",
        "contentHash": "oIJpcxpgSUaPxg73iYj1a0hckbCbOHOrE1OzeCH9lNf6oRjJp2awOyPaWvf1qRm6kYFJ88FktdMeT+lGyNUcvA==",
        "dependencies": {
          "AngleSharp": "1.4.0"
        }
      },
      "youtubedownloader.core": {
        "type": "Project",
        "dependencies": {
          "Microsoft.Extensions.DependencyInjection": "[10.0.3, )",
          "Microsoft.Extensions.Logging": "[10.0.3, )",
          "SharpCompress": "[0.46.0, )",
          "YoutubeExplode": "[6.5.7, )"
        }
      }
    },
    "net10.0-windows10.0.19041/win-x64": {
      "Microsoft.Graphics.Win2D": {
        "type": "Transitive",
        "resolved": "1.3.2",
        "contentHash": "xAv4+Xj8wePW1innIUSXebX6UHMGDzOxwKPwYNUNY7mBrsRL/hPFEtuPLpBSxc3iBnuaCogPDCDeN7T4b1xV0Q==",
        "dependencies": {
          "Microsoft.WindowsAppSDK": "1.6.241114003"
        }
      },
      "Microsoft.Web.WebView2": {
        "type": "Transitive",
        "resolved": "1.0.3405.78",
        "contentHash": "ceiIKuPHnzOf5CUv9nGpIBx0CWCCMWcBdv05QuonmUnpPtm6XDyAh6osgvin7MTpVD5O0+NbS5ts/WU9sgXgvA=="
      },
      "Microsoft.WindowsAppSDK.Foundation": {
        "type": "Transitive",
        "resolved": "2.0.8-experimental",
        "contentHash": "8z2LKsnccAJ2RaXmLNZb7JLrSsX6Ud2nlL3Rz6YO4i1iFu9zYEuIdxz6cxsc/+ZSC8bGSQR8O/4k8NIY+qeXYA==",
        "dependencies": {
          "Microsoft.WindowsAppSDK.Base": "2.0.0-experimental",
          "Microsoft.WindowsAppSDK.InteractiveExperiences": "2.0.3-experimental"
        }
      },
      "System.Speech": {
        "type": "Transitive",
        "resolved": "10.0.1",
        "contentHash": "Sra5Gv7qcZzLuQW4alVglQpnDgJiqeGmbwz8WLZa1QdqmTo4bi7FYQP5CJAzlwLDcmHrBS2L7+W6HqFT14HBTA=="
      }
    }
  }
}